
Microsoft Visual Studio Solution File, Format Version 12.00
Project("{FAE04EC0-301F-11D3-BF4B-00C04F79EFBC}") = "Greenfield", "src\Greenfield\Greenfield.csproj", "{73B068F2-E7FF-49AA-B202-011B2544D98F}"
EndProject
Project("{2150E333-8FDC-42A3-9474-1A3956D46DE8}") = "src", "src", "{983A1AFA-3591-478D-87D5-0DBE3F226809}"
EndProject
Project("{2150E333-8FDC-42A3-9474-1A3956D46DE8}") = "tests", "tests", "{0C5408BD-90AF-4276-968A-7EE6D2BCB4C6}"
	ProjectSection(SolutionItems) = preProject
		tests\Directory.Build.props = tests\Directory.Build.props
	EndProjectSection
EndProject
Project("{FAE04EC0-301F-11D3-BF4B-00C04F79EFBC}") = "HangfireWorker", "src\HangfireWorker\HangfireWorker.csproj", "{1C2EE17A-5794-4394-BD4E-5F4F30505F64}"
EndProject
Project("{2150E333-8FDC-42A3-9474-1A3956D46DE8}") = "Solution Items", "Solution Items", "{84FB38A6-7531-4846-AFC9-4BCC07191C92}"
	ProjectSection(SolutionItems) = preProject
		.dockerignore = .dockerignore
		.editorconfig = .editorconfig
		.gitignore = .gitignore
		Directory.Build.props = Directory.Build.props
		Directory.Packages.props = Directory.Packages.props
		.github\workflows\dotnet.yml = .github\workflows\dotnet.yml
	EndProjectSection
EndProject
Project("{FAE04EC0-301F-11D3-BF4B-00C04F79EFBC}") = "SourceGenerators", "src\SourceGenerators\SourceGenerators.csproj", "{154F0C30-FDE9-407D-9836-C68D274EB325}"
EndProject
Project("{FAE04EC0-301F-11D3-BF4B-00C04F79EFBC}") = "SourceGenerators.Tests", "tests\SourceGenerators.Tests\SourceGenerators.Tests.csproj", "{411D283A-2E99-487B-8450-BB7AE14FEC0B}"
EndProject
Project("{FAE04EC0-301F-11D3-BF4B-00C04F79EFBC}") = "Greenfield.Tests", "tests\Greenfield.Tests\Greenfield.Tests.csproj", "{80762843-6DD2-4A87-82D1-3232DAD58167}"
EndProject
Global
	GlobalSection(SolutionConfigurationPlatforms) = preSolution
		Debug|Any CPU = Debug|Any CPU
		Release|Any CPU = Release|Any CPU
	EndGlobalSection
	GlobalSection(ProjectConfigurationPlatforms) = postSolution
		{73B068F2-E7FF-49AA-B202-011B2544D98F}.Debug|Any CPU.ActiveCfg = Debug|Any CPU
		{73B068F2-E7FF-49AA-B202-011B2544D98F}.Debug|Any CPU.Build.0 = Debug|Any CPU
		{73B068F2-E7FF-49AA-B202-011B2544D98F}.Release|Any CPU.ActiveCfg = Release|Any CPU
		{73B068F2-E7FF-49AA-B202-011B2544D98F}.Release|Any CPU.Build.0 = Release|Any CPU
		{1C2EE17A-5794-4394-BD4E-5F4F30505F64}.Debug|Any CPU.ActiveCfg = Debug|Any CPU
		{1C2EE17A-5794-4394-BD4E-5F4F30505F64}.Debug|Any CPU.Build.0 = Debug|Any CPU
		{1C2EE17A-5794-4394-BD4E-5F4F30505F64}.Release|Any CPU.ActiveCfg = Release|Any CPU
		{1C2EE17A-5794-4394-BD4E-5F4F30505F64}.Release|Any CPU.Build.0 = Release|Any CPU
		{154F0C30-FDE9-407D-9836-C68D274EB325}.Debug|Any CPU.ActiveCfg = Debug|Any CPU
		{154F0C30-FDE9-407D-9836-C68D274EB325}.Debug|Any CPU.Build.0 = Debug|Any CPU
		{154F0C30-FDE9-407D-9836-C68D274EB325}.Release|Any CPU.ActiveCfg = Release|Any CPU
		{154F0C30-FDE9-407D-9836-C68D274EB325}.Release|Any CPU.Build.0 = Release|Any CPU
		{411D283A-2E99-487B-8450-BB7AE14FEC0B}.Debug|Any CPU.ActiveCfg = Debug|Any CPU
		{411D283A-2E99-487B-8450-BB7AE14FEC0B}.Debug|Any CPU.Build.0 = Debug|Any CPU
		{411D283A-2E99-487B-8450-BB7AE14FEC0B}.Release|Any CPU.ActiveCfg = Release|Any CPU
		{411D283A-2E99-487B-8450-BB7AE14FEC0B}.Release|Any CPU.Build.0 = Release|Any CPU
		{80762843-6DD2-4A87-82D1-3232DAD58167}.Debug|Any CPU.ActiveCfg = Debug|Any CPU
		{80762843-6DD2-4A87-82D1-3232DAD58167}.Debug|Any CPU.Build.0 = Debug|Any CPU
		{80762843-6DD2-4A87-82D1-3232DAD58167}.Release|Any CPU.ActiveCfg = Release|Any CPU
		{80762843-6DD2-4A87-82D1-3232DAD58167}.Release|Any CPU.Build.0 = Release|Any CPU
	EndGlobalSection
	GlobalSection(NestedProjects) = preSolution
		{73B068F2-E7FF-49AA-B202-011B2544D98F} = {983A1AFA-3591-478D-87D5-0DBE3F226809}
		{1C2EE17A-5794-4394-BD4E-5F4F30505F64} = {983A1AFA-3591-478D-87D5-0DBE3F226809}
		{154F0C30-FDE9-407D-9836-C68D274EB325} = {983A1AFA-3591-478D-87D5-0DBE3F226809}
		{411D283A-2E99-487B-8450-BB7AE14FEC0B} = {0C5408BD-90AF-4276-968A-7EE6D2BCB4C6}
		{80762843-6DD2-4A87-82D1-3232DAD58167} = {0C5408BD-90AF-4276-968A-7EE6D2BCB4C6}
	EndGlobalSection
EndGlobal
