
Microsoft Visual Studio Solution File, Format Version 12.00
Project("{FAE04EC0-301F-11D3-BF4B-00C04F79EFBC}") = "Greenfield", "src\Greenfield\Greenfield.csproj", "{73B068F2-E7FF-49AA-B202-011B2544D98F}"
EndProject
Project("{2150E333-8FDC-42A3-9474-1A3956D46DE8}") = "src", "src", "{983A1AFA-3591-478D-87D5-0DBE3F226809}"
EndProject
Global
	GlobalSection(SolutionConfigurationPlatforms) = preSolution
		Debug|Any CPU = Debug|Any CPU
		Release|Any CPU = Release|Any CPU
	EndGlobalSection
	GlobalSection(ProjectConfigurationPlatforms) = postSolution
		{73B068F2-E7FF-49AA-B202-011B2544D98F}.Debug|Any CPU.ActiveCfg = Debug|Any CPU
		{73B068F2-E7FF-49AA-B202-011B2544D98F}.Debug|Any CPU.Build.0 = Debug|Any CPU
		{73B068F2-E7FF-49AA-B202-011B2544D98F}.Release|Any CPU.ActiveCfg = Release|Any CPU
		{73B068F2-E7FF-49AA-B202-011B2544D98F}.Release|Any CPU.Build.0 = Release|Any CPU
	EndGlobalSection
	GlobalSection(NestedProjects) = preSolution
		{73B068F2-E7FF-49AA-B202-011B2544D98F} = {983A1AFA-3591-478D-87D5-0DBE3F226809}
	EndGlobalSection
EndGlobal
